
Microsoft Visual Studio Solution File, Format Version 12.00
# Visual Studio Version 17
VisualStudioVersion = 17.14.36327.8 d17.14
MinimumVisualStudioVersion = 10.0.40219.1
Project("{FAE04EC0-301F-11D3-BF4B-00C04F79EFBC}") = "ReadMe", "ReadMe.csproj", "{C51B4CBC-D1AC-4990-A547-3124DE96F4FA}"
EndProject
Global
	GlobalSection(SolutionConfigurationPlatforms) = preSolution
		Debug|Any CPU = Debug|Any CPU
		Release|Any CPU = Release|Any CPU
	EndGlobalSection
	GlobalSection(ProjectConfigurationPlatforms) = postSolution
		{C51B4CBC-D1AC-4990-A547-3124DE96F4FA}.Debug|Any CPU.ActiveCfg = Debug|Any CPU
		{C51B4CBC-D1AC-4990-A547-3124DE96F4FA}.Debug|Any CPU.Build.0 = Debug|Any CPU
		{C51B4CBC-D1AC-4990-A547-3124DE96F4FA}.Debug|Any CPU.Deploy.0 = Debug|Any CPU
		{C51B4CBC-D1AC-4990-A547-3124DE96F4FA}.Release|Any CPU.ActiveCfg = Release|Any CPU
		{C51B4CBC-D1AC-4990-A547-3124DE96F4FA}.Release|Any CPU.Build.0 = Release|Any CPU
		{C51B4CBC-D1AC-4990-A547-3124DE96F4FA}.Release|Any CPU.Deploy.0 = Release|Any CPU
	EndGlobalSection
	GlobalSection(SolutionProperties) = preSolution
		HideSolutionNode = FALSE
	EndGlobalSection
	GlobalSection(ExtensibilityGlobals) = postSolution
		SolutionGuid = {088214CC-D497-481E-9B6C-FBFD6BA6F94A}
	EndGlobalSection
EndGlobal
